# Generated by conda-lock.
# platform: osx-64
# input_hash: 5398340cb8a57cb9395c3f5571fe7b0418183a7b00ba92187228df4f92d8facf
@EXPLICIT
https://conda.anaconda.org/conda-forge/label/python_rc/noarch/_python_rc-1-ha5edcf3_0.conda#8404580984f0737f90048a0ad5a60276
https://conda.anaconda.org/conda-forge/noarch/python_abi-3.14-8_cp314.conda#0539938c55b6b1a59b560e843ad864a4
https://conda.anaconda.org/conda-forge/noarch/tzdata-2025b-h78e105d_0.conda#4222072737ccff51314b5ece9c7d6f5a
https://conda.anaconda.org/conda-forge/osx-64/bzip2-1.0.8-h500dc9f_8.conda#97c4b3bd8a90722104798175a1bdddbf
https://conda.anaconda.org/conda-forge/noarch/ca-certificates-2025.10.5-hbd8a1cb_0.conda#f9e5fbc24009179e8b0409624691758a
https://conda.anaconda.org/conda-forge/osx-64/libexpat-2.7.1-h21dd04a_0.conda#9fdeae0b7edda62e989557d645769515
https://conda.anaconda.org/conda-forge/osx-64/libffi-3.4.6-h281671d_1.conda#4ca9ea59839a9ca8df84170fab4ceb41
https://conda.anaconda.org/conda-forge/osx-64/liblzma-5.8.1-hd471939_2.conda#8468beea04b9065b9807fc8b9cdc5894
https://conda.anaconda.org/conda-forge/osx-64/libmpdec-4.0.0-h6e16a3a_0.conda#18b81186a6adb43f000ad19ed7b70381
https://conda.anaconda.org/conda-forge/osx-64/libzlib-1.3.1-hd23fc13_2.conda#003a54a4e32b02f7355b50a837e699da
https://conda.anaconda.org/conda-forge/osx-64/ncurses-6.5-h0622a9a_3.conda#ced34dd9929f491ca6dab6a2927aff25
https://conda.anaconda.org/conda-forge/osx-64/libsqlite-3.51.0-h86bffb9_0.conda#1ee9b74571acd6dd87e6a0f783989426
https://conda.anaconda.org/conda-forge/osx-64/openssl-3.5.4-h230baf5_0.conda#075eaad78f96bbf5835952afbe44466e
https://conda.anaconda.org/conda-forge/osx-64/readline-8.2-h7cca4af_2.conda#342570f8e02f2f022147a7f841475784
https://conda.anaconda.org/conda-forge/osx-64/tk-8.6.13-hf689a15_2.conda#9864891a6946c2fe037c02fca7392ab4
https://conda.anaconda.org/conda-forge/osx-64/zstd-1.5.7-h8210216_2.conda#cd60a4a5a8d6a476b30d8aa4bb49251a
https://conda.anaconda.org/conda-forge/osx-64/python-3.14.0rc2-hd948185_100_cp314.conda#6b752bb47360d7a58c43282a536e0b0f
https://conda.anaconda.org/conda-forge/noarch/pip-25.3-pyh145f28c_0.conda#bf47878473e5ab9fdb4115735230e191
# pip simplejson @ https://files.pythonhosted.org/packages/05/5b/83e1ff87eb60ca706972f7e02e15c0b33396e7bdbd080069a5d1b53cf0d8/simplejson-3.20.2-py3-none-any.whl#sha256=3b6bb7fb96efd673eac2e4235200bfffdc2353ad12c54117e1e4e2fc485ac017
